// !$*UTF8*$!
{
	archiveVersion = 1;
	classes = {
	};
	objectVersion = 50;
	objects = {

/* Begin PBXBuildFile section */
		2324286621F1B0ED00559669 /* AppDelegate.swift in Sources */ = {isa = PBXBuildFile; fileRef = 2324286521F1B0ED00559669 /* AppDelegate.swift */; };
		2324286821F1B0ED00559669 /* EmojiArtViewController.swift in Sources */ = {isa = PBXBuildFile; fileRef = 2324286721F1B0ED00559669 /* EmojiArtViewController.swift */; };
		2324286B21F1B0ED00559669 /* Main.storyboard in Resources */ = {isa = PBXBuildFile; fileRef = 2324286921F1B0ED00559669 /* Main.storyboard */; };
		2324286D21F1B0EE00559669 /* Assets.xcassets in Resources */ = {isa = PBXBuildFile; fileRef = 2324286C21F1B0EE00559669 /* Assets.xcassets */; };
		2324287021F1B0EE00559669 /* LaunchScreen.storyboard in Resources */ = {isa = PBXBuildFile; fileRef = 2324286E21F1B0EE00559669 /* LaunchScreen.storyboard */; };
		2324287B21F1B0EE00559669 /* EmojiArtTests.swift in Sources */ = {isa = PBXBuildFile; fileRef = 2324287A21F1B0EE00559669 /* EmojiArtTests.swift */; };
		2324288621F1B0EE00559669 /* EmojiArtUITests.swift in Sources */ = {isa = PBXBuildFile; fileRef = 2324288521F1B0EE00559669 /* EmojiArtUITests.swift */; };
		2324289521F1B19600559669 /* EmojiArtView.swift in Sources */ = {isa = PBXBuildFile; fileRef = 2324289421F1B19600559669 /* EmojiArtView.swift */; };
/* End PBXBuildFile section */

/* Begin PBXContainerItemProxy section */
		2324287721F1B0EE00559669 /* PBXContainerItemProxy */ = {
			isa = PBXContainerItemProxy;
			containerPortal = 2324285A21F1B0ED00559669 /* Project object */;
			proxyType = 1;
			remoteGlobalIDString = 2324286121F1B0ED00559669;
			remoteInfo = EmojiArt;
		};
		2324288221F1B0EE00559669 /* PBXContainerItemProxy */ = {
			isa = PBXContainerItemProxy;
			containerPortal = 2324285A21F1B0ED00559669 /* Project object */;
			proxyType = 1;
			remoteGlobalIDString = 2324286121F1B0ED00559669;
			remoteInfo = EmojiArt;
		};
/* End PBXContainerItemProxy section */

/* Begin PBXFileReference section */
		2324286221F1B0ED00559669 /* EmojiArt.app */ = {isa = PBXFileReference; explicitFileType = wrapper.application; includeInIndex = 0; path = EmojiArt.app; sourceTree = BUILT_PRODUCTS_DIR; };
		2324286521F1B0ED00559669 /* AppDelegate.swift */ = {isa = PBXFileReference; lastKnownFileType = sourcecode.swift; path = AppDelegate.swift; sourceTree = "<group>"; };
		2324286721F1B0ED00559669 /* EmojiArtViewController.swift */ = {isa = PBXFileReference; lastKnownFileType = sourcecode.swift; path = EmojiArtViewController.swift; sourceTree = "<group>"; };
		2324286A21F1B0ED00559669 /* Base */ = {isa = PBXFileReference; lastKnownFileType = file.storyboard; name = Base; path = Base.lproj/Main.storyboard; sourceTree = "<group>"; };
		2324286C21F1B0EE00559669 /* Assets.xcassets */ = {isa = PBXFileReference; lastKnownFileType = folder.assetcatalog; path = Assets.xcassets; sourceTree = "<group>"; };
		2324286F21F1B0EE00559669 /* Base */ = {isa = PBXFileReference; lastKnownFileType = file.storyboard; name = Base; path = Base.lproj/LaunchScreen.storyboard; sourceTree = "<group>"; };
		2324287121F1B0EE00559669 /* Info.plist */ = {isa = PBXFileReference; lastKnownFileType = text.plist.xml; path = Info.plist; sourceTree = "<group>"; };
		2324287621F1B0EE00559669 /* EmojiArtTests.xctest */ = {isa = PBXFileReference; explicitFileType = wrapper.cfbundle; includeInIndex = 0; path = EmojiArtTests.xctest; sourceTree = BUILT_PRODUCTS_DIR; };
		2324287A21F1B0EE00559669 /* EmojiArtTests.swift */ = {isa = PBXFileReference; lastKnownFileType = sourcecode.swift; path = EmojiArtTests.swift; sourceTree = "<group>"; };
		2324287C21F1B0EE00559669 /* Info.plist */ = {isa = PBXFileReference; lastKnownFileType = text.plist.xml; path = Info.plist; sourceTree = "<group>"; };
		2324288121F1B0EE00559669 /* EmojiArtUITests.xctest */ = {isa = PBXFileReference; explicitFileType = wrapper.cfbundle; includeInIndex = 0; path = EmojiArtUITests.xctest; sourceTree = BUILT_PRODUCTS_DIR; };
		2324288521F1B0EE00559669 /* EmojiArtUITests.swift */ = {isa = PBXFileReference; lastKnownFileType = sourcecode.swift; path = EmojiArtUITests.swift; sourceTree = "<group>"; };
		2324288721F1B0EE00559669 /* Info.plist */ = {isa = PBXFileReference; lastKnownFileType = text.plist.xml; path = Info.plist; sourceTree = "<group>"; };
		2324289421F1B19600559669 /* EmojiArtView.swift */ = {isa = PBXFileReference; lastKnownFileType = sourcecode.swift; path = EmojiArtView.swift; sourceTree = "<group>"; };
/* End PBXFileReference section */

/* Begin PBXFrameworksBuildPhase section */
		2324285F21F1B0ED00559669 /* Frameworks */ = {
			isa = PBXFrameworksBuildPhase;
			buildActionMask = 2147483647;
			files = (
			);
			runOnlyForDeploymentPostprocessing = 0;
		};
		2324287321F1B0EE00559669 /* Frameworks */ = {
			isa = PBXFrameworksBuildPhase;
			buildActionMask = 2147483647;
			files = (
			);
			runOnlyForDeploymentPostprocessing = 0;
		};
		2324287E21F1B0EE00559669 /* Frameworks */ = {
			isa = PBXFrameworksBuildPhase;
			buildActionMask = 2147483647;
			files = (
			);
			runOnlyForDeploymentPostprocessing = 0;
		};
/* End PBXFrameworksBuildPhase section */

/* Begin PBXGroup section */
		2324285921F1B0ED00559669 = {
			isa = PBXGroup;
			children = (
				2324286421F1B0ED00559669 /* EmojiArt */,
				2324287921F1B0EE00559669 /* EmojiArtTests */,
				2324288421F1B0EE00559669 /* EmojiArtUITests */,
				2324286321F1B0ED00559669 /* Products */,
			);
			sourceTree = "<group>";
		};
		2324286321F1B0ED00559669 /* Products */ = {
			isa = PBXGroup;
			children = (
				2324286221F1B0ED00559669 /* EmojiArt.app */,
				2324287621F1B0EE00559669 /* EmojiArtTests.xctest */,
				2324288121F1B0EE00559669 /* EmojiArtUITests.xctest */,
			);
			name = Products;
			sourceTree = "<group>";
		};
		2324286421F1B0ED00559669 /* EmojiArt */ = {
			isa = PBXGroup;
			children = (
				2324289321F1B11200559669 /* Application */,
				2324286721F1B0ED00559669 /* EmojiArtViewController.swift */,
				2324286921F1B0ED00559669 /* Main.storyboard */,
				2324287121F1B0EE00559669 /* Info.plist */,
				2324289421F1B19600559669 /* EmojiArtView.swift */,
			);
			path = EmojiArt;
			sourceTree = "<group>";
		};
		2324287921F1B0EE00559669 /* EmojiArtTests */ = {
			isa = PBXGroup;
			children = (
				2324287A21F1B0EE00559669 /* EmojiArtTests.swift */,
				2324287C21F1B0EE00559669 /* Info.plist */,
			);
			path = EmojiArtTests;
			sourceTree = "<group>";
		};
		2324288421F1B0EE00559669 /* EmojiArtUITests */ = {
			isa = PBXGroup;
			children = (
				2324288521F1B0EE00559669 /* EmojiArtUITests.swift */,
				2324288721F1B0EE00559669 /* Info.plist */,
			);
			path = EmojiArtUITests;
			sourceTree = "<group>";
		};
		2324289321F1B11200559669 /* Application */ = {
			isa = PBXGroup;
			children = (
				2324286521F1B0ED00559669 /* AppDelegate.swift */,
				2324286C21F1B0EE00559669 /* Assets.xcassets */,
				2324286E21F1B0EE00559669 /* LaunchScreen.storyboard */,
			);
			path = Application;
			sourceTree = "<group>";
		};
/* End PBXGroup section */

/* Begin PBXNativeTarget section */
		2324286121F1B0ED00559669 /* EmojiArt */ = {
			isa = PBXNativeTarget;
			buildConfigurationList = 2324288A21F1B0EE00559669 /* Build configuration list for PBXNativeTarget "EmojiArt" */;
			buildPhases = (
				2324285E21F1B0ED00559669 /* Sources */,
				2324285F21F1B0ED00559669 /* Frameworks */,
				2324286021F1B0ED00559669 /* Resources */,
			);
			buildRules = (
			);
			dependencies = (
			);
			name = EmojiArt;
			productName = EmojiArt;
			productReference = 2324286221F1B0ED00559669 /* EmojiArt.app */;
			productType = "com.apple.product-type.application";
		};
		2324287521F1B0EE00559669 /* EmojiArtTests */ = {
			isa = PBXNativeTarget;
			buildConfigurationList = 2324288D21F1B0EE00559669 /* Build configuration list for PBXNativeTarget "EmojiArtTests" */;
			buildPhases = (
				2324287221F1B0EE00559669 /* Sources */,
				2324287321F1B0EE00559669 /* Frameworks */,
				2324287421F1B0EE00559669 /* Resources */,
			);
			buildRules = (
			);
			dependencies = (
				2324287821F1B0EE00559669 /* PBXTargetDependency */,
			);
			name = EmojiArtTests;
			productName = EmojiArtTests;
			productReference = 2324287621F1B0EE00559669 /* EmojiArtTests.xctest */;
			productType = "com.apple.product-type.bundle.unit-test";
		};
		2324288021F1B0EE00559669 /* EmojiArtUITests */ = {
			isa = PBXNativeTarget;
			buildConfigurationList = 2324289021F1B0EE00559669 /* Build configuration list for PBXNativeTarget "EmojiArtUITests" */;
			buildPhases = (
				2324287D21F1B0EE00559669 /* Sources */,
				2324287E21F1B0EE00559669 /* Frameworks */,
				2324287F21F1B0EE00559669 /* Resources */,
			);
			buildRules = (
			);
			dependencies = (
				2324288321F1B0EE00559669 /* PBXTargetDependency */,
			);
			name = EmojiArtUITests;
			productName = EmojiArtUITests;
			productReference = 2324288121F1B0EE00559669 /* EmojiArtUITests.xctest */;
			productType = "com.apple.product-type.bundle.ui-testing";
		};
/* End PBXNativeTarget section */

/* Begin PBXProject section */
		2324285A21F1B0ED00559669 /* Project object */ = {
			isa = PBXProject;
			attributes = {
				LastSwiftUpdateCheck = 1010;
				LastUpgradeCheck = 1010;
				ORGANIZATIONNAME = Polygon;
				TargetAttributes = {
					2324286121F1B0ED00559669 = {
						CreatedOnToolsVersion = 10.1;
					};
					2324287521F1B0EE00559669 = {
						CreatedOnToolsVersion = 10.1;
						TestTargetID = 2324286121F1B0ED00559669;
					};
					2324288021F1B0EE00559669 = {
						CreatedOnToolsVersion = 10.1;
						TestTargetID = 2324286121F1B0ED00559669;
					};
				};
			};
			buildConfigurationList = 2324285D21F1B0ED00559669 /* Build configuration list for PBXProject "EmojiArt" */;
			compatibilityVersion = "Xcode 9.3";
			developmentRegion = en;
			hasScannedForEncodings = 0;
			knownRegions = (
				en,
				Base,
			);
			mainGroup = 2324285921F1B0ED00559669;
			productRefGroup = 2324286321F1B0ED00559669 /* Products */;
			projectDirPath = "";
			projectRoot = "";
			targets = (
				2324286121F1B0ED00559669 /* EmojiArt */,
				2324287521F1B0EE00559669 /* EmojiArtTests */,
				2324288021F1B0EE00559669 /* EmojiArtUITests */,
			);
		};
/* End PBXProject section */

/* Begin PBXResourcesBuildPhase section */
		2324286021F1B0ED00559669 /* Resources */ = {
			isa = PBXResourcesBuildPhase;
			buildActionMask = 2147483647;
			files = (
				2324287021F1B0EE00559669 /* LaunchScreen.storyboard in Resources */,
				2324286D21F1B0EE00559669 /* Assets.xcassets in Resources */,
				2324286B21F1B0ED00559669 /* Main.storyboard in Resources */,
			);
			runOnlyForDeploymentPostprocessing = 0;
		};
		2324287421F1B0EE00559669 /* Resources */ = {
			isa = PBXResourcesBuildPhase;
			buildActionMask = 2147483647;
			files = (
			);
			runOnlyForDeploymentPostprocessing = 0;
		};
		2324287F21F1B0EE00559669 /* Resources */ = {
			isa = PBXResourcesBuildPhase;
			buildActionMask = 2147483647;
			files = (
			);
			runOnlyForDeploymentPostprocessing = 0;
		};
/* End PBXResourcesBuildPhase section */

/* Begin PBXSourcesBuildPhase section */
		2324285E21F1B0ED00559669 /* Sources */ = {
			isa = PBXSourcesBuildPhase;
			buildActionMask = 2147483647;
			files = (
				2324286821F1B0ED00559669 /* EmojiArtViewController.swift in Sources */,
				2324286621F1B0ED00559669 /* AppDelegate.swift in Sources */,
				2324289521F1B19600559669 /* EmojiArtView.swift in Sources */,
			);
			runOnlyForDeploymentPostprocessing = 0;
		};
		2324287221F1B0EE00559669 /* Sources */ = {
			isa = PBXSourcesBuildPhase;
			buildActionMask = 2147483647;
			files = (
				2324287B21F1B0EE00559669 /* EmojiArtTests.swift in Sources */,
			);
			runOnlyForDeploymentPostprocessing = 0;
		};
		2324287D21F1B0EE00559669 /* Sources */ = {
			isa = PBXSourcesBuildPhase;
			buildActionMask = 2147483647;
			files = (
				2324288621F1B0EE00559669 /* EmojiArtUITests.swift in Sources */,
			);
			runOnlyForDeploymentPostprocessing = 0;
		};
/* End PBXSourcesBuildPhase section */

/* Begin PBXTargetDependency section */
		2324287821F1B0EE00559669 /* PBXTargetDependency */ = {
			isa = PBXTargetDependency;
			target = 2324286121F1B0ED00559669 /* EmojiArt */;
			targetProxy = 2324287721F1B0EE00559669 /* PBXContainerItemProxy */;
		};
		2324288321F1B0EE00559669 /* PBXTargetDependency */ = {
			isa = PBXTargetDependency;
			target = 2324286121F1B0ED00559669 /* EmojiArt */;
			targetProxy = 2324288221F1B0EE00559669 /* PBXContainerItemProxy */;
		};
/* End PBXTargetDependency section */

/* Begin PBXVariantGroup section */
		2324286921F1B0ED00559669 /* Main.storyboard */ = {
			isa = PBXVariantGroup;
			children = (
				2324286A21F1B0ED00559669 /* Base */,
			);
			name = Main.storyboard;
			sourceTree = "<group>";
		};
		2324286E21F1B0EE00559669 /* LaunchScreen.storyboard */ = {
			isa = PBXVariantGroup;
			children = (
				2324286F21F1B0EE00559669 /* Base */,
			);
			name = LaunchScreen.storyboard;
			sourceTree = "<group>";
		};
/* End PBXVariantGroup section */

/* Begin XCBuildConfiguration section */
		2324288821F1B0EE00559669 /* Debug */ = {
			isa = XCBuildConfiguration;
			buildSettings = {
				ALWAYS_SEARCH_USER_PATHS = NO;
				CLANG_ANALYZER_NONNULL = YES;
				CLANG_ANALYZER_NUMBER_OBJECT_CONVERSION = YES_AGGRESSIVE;
				CLANG_CXX_LANGUAGE_STANDARD = "gnu++14";
				CLANG_CXX_LIBRARY = "libc++";
				CLANG_ENABLE_MODULES = YES;
				CLANG_ENABLE_OBJC_ARC = YES;
				CLANG_ENABLE_OBJC_WEAK = YES;
				CLANG_WARN_BLOCK_CAPTURE_AUTORELEASING = YES;
				CLANG_WARN_BOOL_CONVERSION = YES;
				CLANG_WARN_COMMA = YES;
				CLANG_WARN_CONSTANT_CONVERSION = YES;
				CLANG_WARN_DEPRECATED_OBJC_IMPLEMENTATIONS = YES;
				CLANG_WARN_DIRECT_OBJC_ISA_USAGE = YES_ERROR;
				CLANG_WARN_DOCUMENTATION_COMMENTS = YES;
				CLANG_WARN_EMPTY_BODY = YES;
				CLANG_WARN_ENUM_CONVERSION = YES;
				CLANG_WARN_INFINITE_RECURSION = YES;
				CLANG_WARN_INT_CONVERSION = YES;
				CLANG_WARN_NON_LITERAL_NULL_CONVERSION = YES;
				CLANG_WARN_OBJC_IMPLICIT_RETAIN_SELF = YES;
				CLANG_WARN_OBJC_LITERAL_CONVERSION = YES;
				CLANG_WARN_OBJC_ROOT_CLASS = YES_ERROR;
				CLANG_WARN_RANGE_LOOP_ANALYSIS = YES;
				CLANG_WARN_STRICT_PROTOTYPES = YES;
				CLANG_WARN_SUSPICIOUS_MOVE = YES;
				CLANG_WARN_UNGUARDED_AVAILABILITY = YES_AGGRESSIVE;
				CLANG_WARN_UNREACHABLE_CODE = YES;
				CLANG_WARN__DUPLICATE_METHOD_MATCH = YES;
				CODE_SIGN_IDENTITY = "iPhone Developer";
				COPY_PHASE_STRIP = NO;
				DEBUG_INFORMATION_FORMAT = dwarf;
				ENABLE_STRICT_OBJC_MSGSEND = YES;
				ENABLE_TESTABILITY = YES;
				GCC_C_LANGUAGE_STANDARD = gnu11;
				GCC_DYNAMIC_NO_PIC = NO;
				GCC_NO_COMMON_BLOCKS = YES;
				GCC_OPTIMIZATION_LEVEL = 0;
				GCC_PREPROCESSOR_DEFINITIONS = (
					"DEBUG=1",
					"$(inherited)",
				);
				GCC_WARN_64_TO_32_BIT_CONVERSION = YES;
				GCC_WARN_ABOUT_RETURN_TYPE = YES_ERROR;
				GCC_WARN_UNDECLARED_SELECTOR = YES;
				GCC_WARN_UNINITIALIZED_AUTOS = YES_AGGRESSIVE;
				GCC_WARN_UNUSED_FUNCTION = YES;
				GCC_WARN_UNUSED_VARIABLE = YES;
				IPHONEOS_DEPLOYMENT_TARGET = 12.1;
				MTL_ENABLE_DEBUG_INFO = INCLUDE_SOURCE;
				MTL_FAST_MATH = YES;
				ONLY_ACTIVE_ARCH = YES;
				SDKROOT = iphoneos;
				SWIFT_ACTIVE_COMPILATION_CONDITIONS = DEBUG;
				SWIFT_OPTIMIZATION_LEVEL = "-Onone";
			};
			name = Debug;
		};
		2324288921F1B0EE00559669 /* Release */ = {
			isa = XCBuildConfiguration;
			buildSettings = {
				ALWAYS_SEARCH_USER_PATHS = NO;
				CLANG_ANALYZER_NONNULL = YES;
				CLANG_ANALYZER_NUMBER_OBJECT_CONVERSION = YES_AGGRESSIVE;
				CLANG_CXX_LANGUAGE_STANDARD = "gnu++14";
				CLANG_CXX_LIBRARY = "libc++";
				CLANG_ENABLE_MODULES = YES;
				CLANG_ENABLE_OBJC_ARC = YES;
				CLANG_ENABLE_OBJC_WEAK = YES;
				CLANG_WARN_BLOCK_CAPTURE_AUTORELEASING = YES;
				CLANG_WARN_BOOL_CONVERSION = YES;
				CLANG_WARN_COMMA = YES;
				CLANG_WARN_CONSTANT_CONVERSION = YES;
				CLANG_WARN_DEPRECATED_OBJC_IMPLEMENTATIONS = YES;
				CLANG_WARN_DIRECT_OBJC_ISA_USAGE = YES_ERROR;
				CLANG_WARN_DOCUMENTATION_COMMENTS = YES;
				CLANG_WARN_EMPTY_BODY = YES;
				CLANG_WARN_ENUM_CONVERSION = YES;
				CLANG_WARN_INFINITE_RECURSION = YES;
				CLANG_WARN_INT_CONVERSION = YES;
				CLANG_WARN_NON_LITERAL_NULL_CONVERSION = YES;
				CLANG_WARN_OBJC_IMPLICIT_RETAIN_SELF = YES;
				CLANG_WARN_OBJC_LITERAL_CONVERSION = YES;
				CLANG_WARN_OBJC_ROOT_CLASS = YES_ERROR;
				CLANG_WARN_RANGE_LOOP_ANALYSIS = YES;
				CLANG_WARN_STRICT_PROTOTYPES = YES;
				CLANG_WARN_SUSPICIOUS_MOVE = YES;
				CLANG_WARN_UNGUARDED_AVAILABILITY = YES_AGGRESSIVE;
				CLANG_WARN_UNREACHABLE_CODE = YES;
				CLANG_WARN__DUPLICATE_METHOD_MATCH = YES;
				CODE_SIGN_IDENTITY = "iPhone Developer";
				COPY_PHASE_STRIP = NO;
				DEBUG_INFORMATION_FORMAT = "dwarf-with-dsym";
				ENABLE_NS_ASSERTIONS = NO;
				ENABLE_STRICT_OBJC_MSGSEND = YES;
				GCC_C_LANGUAGE_STANDARD = gnu11;
				GCC_NO_COMMON_BLOCKS = YES;
				GCC_WARN_64_TO_32_BIT_CONVERSION = YES;
				GCC_WARN_ABOUT_RETURN_TYPE = YES_ERROR;
				GCC_WARN_UNDECLARED_SELECTOR = YES;
				GCC_WARN_UNINITIALIZED_AUTOS = YES_AGGRESSIVE;
				GCC_WARN_UNUSED_FUNCTION = YES;
				GCC_WARN_UNUSED_VARIABLE = YES;
				IPHONEOS_DEPLOYMENT_TARGET = 12.1;
				MTL_ENABLE_DEBUG_INFO = NO;
				MTL_FAST_MATH = YES;
				SDKROOT = iphoneos;
				SWIFT_COMPILATION_MODE = wholemodule;
				SWIFT_OPTIMIZATION_LEVEL = "-O";
				VALIDATE_PRODUCT = YES;
			};
			name = Release;
		};
		2324288B21F1B0EE00559669 /* Debug */ = {
			isa = XCBuildConfiguration;
			buildSettings = {
				ASSETCATALOG_COMPILER_APPICON_NAME = AppIcon;
				CODE_SIGN_STYLE = Automatic;
				INFOPLIST_FILE = EmojiArt/Info.plist;
				LD_RUNPATH_SEARCH_PATHS = (
					"$(inherited)",
					"@executable_path/Frameworks",
				);
				PRODUCT_BUNDLE_IDENTIFIER = com.polygon.EmojiArt;
				PRODUCT_NAME = "$(TARGET_NAME)";
				SWIFT_VERSION = 4.2;
				TARGETED_DEVICE_FAMILY = "1,2";
			};
			name = Debug;
		};
		2324288C21F1B0EE00559669 /* Release */ = {
			isa = XCBuildConfiguration;
			buildSettings = {
				ASSETCATALOG_COMPILER_APPICON_NAME = AppIcon;
				CODE_SIGN_STYLE = Automatic;
				INFOPLIST_FILE = EmojiArt/Info.plist;
				LD_RUNPATH_SEARCH_PATHS = (
					"$(inherited)",
					"@executable_path/Frameworks",
				);
				PRODUCT_BUNDLE_IDENTIFIER = com.polygon.EmojiArt;
				PRODUCT_NAME = "$(TARGET_NAME)";
				SWIFT_VERSION = 4.2;
				TARGETED_DEVICE_FAMILY = "1,2";
			};
			name = Release;
		};
		2324288E21F1B0EE00559669 /* Debug */ = {
			isa = XCBuildConfiguration;
			buildSettings = {
				ALWAYS_EMBED_SWIFT_STANDARD_LIBRARIES = YES;
				BUNDLE_LOADER = "$(TEST_HOST)";
				CODE_SIGN_STYLE = Automatic;
				INFOPLIST_FILE = EmojiArtTests/Info.plist;
				LD_RUNPATH_SEARCH_PATHS = (
					"$(inherited)",
					"@executable_path/Frameworks",
					"@loader_path/Frameworks",
				);
				PRODUCT_BUNDLE_IDENTIFIER = com.polygon.EmojiArtTests;
				PRODUCT_NAME = "$(TARGET_NAME)";
				SWIFT_VERSION = 4.2;
				TARGETED_DEVICE_FAMILY = "1,2";
				TEST_HOST = "$(BUILT_PRODUCTS_DIR)/EmojiArt.app/EmojiArt";
			};
			name = Debug;
		};
		2324288F21F1B0EE00559669 /* Release */ = {
			isa = XCBuildConfiguration;
			buildSettings = {
				ALWAYS_EMBED_SWIFT_STANDARD_LIBRARIES = YES;
				BUNDLE_LOADER = "$(TEST_HOST)";
				CODE_SIGN_STYLE = Automatic;
				INFOPLIST_FILE = EmojiArtTests/Info.plist;
				LD_RUNPATH_SEARCH_PATHS = (
					"$(inherited)",
					"@executable_path/Frameworks",
					"@loader_path/Frameworks",
				);
				PRODUCT_BUNDLE_IDENTIFIER = com.polygon.EmojiArtTests;
				PRODUCT_NAME = "$(TARGET_NAME)";
				SWIFT_VERSION = 4.2;
				TARGETED_DEVICE_FAMILY = "1,2";
				TEST_HOST = "$(BUILT_PRODUCTS_DIR)/EmojiArt.app/EmojiArt";
			};
			name = Release;
		};
		2324289121F1B0EE00559669 /* Debug */ = {
			isa = XCBuildConfiguration;
			buildSettings = {
				ALWAYS_EMBED_SWIFT_STANDARD_LIBRARIES = YES;
				CODE_SIGN_STYLE = Automatic;
				INFOPLIST_FILE = EmojiArtUITests/Info.plist;
				LD_RUNPATH_SEARCH_PATHS = (
					"$(inherited)",
					"@executable_path/Frameworks",
					"@loader_path/Frameworks",
				);
				PRODUCT_BUNDLE_IDENTIFIER = com.polygon.EmojiArtUITests;
				PRODUCT_NAME = "$(TARGET_NAME)";
				SWIFT_VERSION = 4.2;
				TARGETED_DEVICE_FAMILY = "1,2";
				TEST_TARGET_NAME = EmojiArt;
			};
			name = Debug;
		};
		2324289221F1B0EE00559669 /* Release */ = {
			isa = XCBuildConfiguration;
			buildSettings = {
				ALWAYS_EMBED_SWIFT_STANDARD_LIBRARIES = YES;
				CODE_SIGN_STYLE = Automatic;
				INFOPLIST_FILE = EmojiArtUITests/Info.plist;
				LD_RUNPATH_SEARCH_PATHS = (
					"$(inherited)",
					"@executable_path/Frameworks",
					"@loader_path/Frameworks",
				);
				PRODUCT_BUNDLE_IDENTIFIER = com.polygon.EmojiArtUITests;
				PRODUCT_NAME = "$(TARGET_NAME)";
				SWIFT_VERSION = 4.2;
				TARGETED_DEVICE_FAMILY = "1,2";
				TEST_TARGET_NAME = EmojiArt;
			};
			name = Release;
		};
/* End XCBuildConfiguration section */

/* Begin XCConfigurationList section */
		2324285D21F1B0ED00559669 /* Build configuration list for PBXProject "EmojiArt" */ = {
			isa = XCConfigurationList;
			buildConfigurations = (
				2324288821F1B0EE00559669 /* Debug */,
				2324288921F1B0EE00559669 /* Release */,
			);
			defaultConfigurationIsVisible = 0;
			defaultConfigurationName = Release;
		};
		2324288A21F1B0EE00559669 /* Build configuration list for PBXNativeTarget "EmojiArt" */ = {
			isa = XCConfigurationList;
			buildConfigurations = (
				2324288B21F1B0EE00559669 /* Debug */,
				2324288C21F1B0EE00559669 /* Release */,
			);
			defaultConfigurationIsVisible = 0;
			defaultConfigurationName = Release;
		};
		2324288D21F1B0EE00559669 /* Build configuration list for PBXNativeTarget "EmojiArtTests" */ = {
			isa = XCConfigurationList;
			buildConfigurations = (
				2324288E21F1B0EE00559669 /* Debug */,
				2324288F21F1B0EE00559669 /* Release */,
			);
			defaultConfigurationIsVisible = 0;
			defaultConfigurationName = Release;
		};
		2324289021F1B0EE00559669 /* Build configuration list for PBXNativeTarget "EmojiArtUITests" */ = {
			isa = XCConfigurationList;
			buildConfigurations = (
				2324289121F1B0EE00559669 /* Debug */,
				2324289221F1B0EE00559669 /* Release */,
			);
			defaultConfigurationIsVisible = 0;
			defaultConfigurationName = Release;
		};
/* End XCConfigurationList section */
	};
	rootObject = 2324285A21F1B0ED00559669 /* Project object */;
}
