// !$*UTF8*$!
{
	archiveVersion = 1;
	classes = {
	};
	objectVersion = 50;
	objects = {

/* Begin PBXBuildFile section */
		23AF1C7521EF907F0053D5D6 /* AppDelegate.swift in Sources */ = {isa = PBXBuildFile; fileRef = 23AF1C7421EF907F0053D5D6 /* AppDelegate.swift */; };
		23AF1C7A21EF907F0053D5D6 /* Main.storyboard in Resources */ = {isa = PBXBuildFile; fileRef = 23AF1C7821EF907F0053D5D6 /* Main.storyboard */; };
		23AF1C7C21EF90800053D5D6 /* Assets.xcassets in Resources */ = {isa = PBXBuildFile; fileRef = 23AF1C7B21EF90800053D5D6 /* Assets.xcassets */; };
		23AF1C7F21EF90800053D5D6 /* LaunchScreen.storyboard in Resources */ = {isa = PBXBuildFile; fileRef = 23AF1C7D21EF90800053D5D6 /* LaunchScreen.storyboard */; };
		23AF1C8A21EF90800053D5D6 /* CassiniTests.swift in Sources */ = {isa = PBXBuildFile; fileRef = 23AF1C8921EF90800053D5D6 /* CassiniTests.swift */; };
		23AF1C9521EF90800053D5D6 /* CassiniUITests.swift in Sources */ = {isa = PBXBuildFile; fileRef = 23AF1C9421EF90800053D5D6 /* CassiniUITests.swift */; };
		23AF1CA421EF91680053D5D6 /* ImageViewController.swift in Sources */ = {isa = PBXBuildFile; fileRef = 23AF1CA321EF91680053D5D6 /* ImageViewController.swift */; };
		23AF1CA621EF97430053D5D6 /* DemoURLs.swift in Sources */ = {isa = PBXBuildFile; fileRef = 23AF1CA521EF97430053D5D6 /* DemoURLs.swift */; };
		23AF1CA821EF98D40053D5D6 /* oval.jpg in Resources */ = {isa = PBXBuildFile; fileRef = 23AF1CA721EF98D40053D5D6 /* oval.jpg */; };
/* End PBXBuildFile section */

/* Begin PBXContainerItemProxy section */
		23AF1C8621EF90800053D5D6 /* PBXContainerItemProxy */ = {
			isa = PBXContainerItemProxy;
			containerPortal = 23AF1C6921EF907F0053D5D6 /* Project object */;
			proxyType = 1;
			remoteGlobalIDString = 23AF1C7021EF907F0053D5D6;
			remoteInfo = Cassini;
		};
		23AF1C9121EF90800053D5D6 /* PBXContainerItemProxy */ = {
			isa = PBXContainerItemProxy;
			containerPortal = 23AF1C6921EF907F0053D5D6 /* Project object */;
			proxyType = 1;
			remoteGlobalIDString = 23AF1C7021EF907F0053D5D6;
			remoteInfo = Cassini;
		};
/* End PBXContainerItemProxy section */

/* Begin PBXFileReference section */
		23AF1C7121EF907F0053D5D6 /* Cassini.app */ = {isa = PBXFileReference; explicitFileType = wrapper.application; includeInIndex = 0; path = Cassini.app; sourceTree = BUILT_PRODUCTS_DIR; };
		23AF1C7421EF907F0053D5D6 /* AppDelegate.swift */ = {isa = PBXFileReference; lastKnownFileType = sourcecode.swift; path = AppDelegate.swift; sourceTree = "<group>"; };
		23AF1C7921EF907F0053D5D6 /* Base */ = {isa = PBXFileReference; lastKnownFileType = file.storyboard; name = Base; path = Base.lproj/Main.storyboard; sourceTree = "<group>"; };
		23AF1C7B21EF90800053D5D6 /* Assets.xcassets */ = {isa = PBXFileReference; lastKnownFileType = folder.assetcatalog; path = Assets.xcassets; sourceTree = "<group>"; };
		23AF1C7E21EF90800053D5D6 /* Base */ = {isa = PBXFileReference; lastKnownFileType = file.storyboard; name = Base; path = Base.lproj/LaunchScreen.storyboard; sourceTree = "<group>"; };
		23AF1C8021EF90800053D5D6 /* Info.plist */ = {isa = PBXFileReference; lastKnownFileType = text.plist.xml; path = Info.plist; sourceTree = "<group>"; };
		23AF1C8521EF90800053D5D6 /* CassiniTests.xctest */ = {isa = PBXFileReference; explicitFileType = wrapper.cfbundle; includeInIndex = 0; path = CassiniTests.xctest; sourceTree = BUILT_PRODUCTS_DIR; };
		23AF1C8921EF90800053D5D6 /* CassiniTests.swift */ = {isa = PBXFileReference; lastKnownFileType = sourcecode.swift; path = CassiniTests.swift; sourceTree = "<group>"; };
		23AF1C8B21EF90800053D5D6 /* Info.plist */ = {isa = PBXFileReference; lastKnownFileType = text.plist.xml; path = Info.plist; sourceTree = "<group>"; };
		23AF1C9021EF90800053D5D6 /* CassiniUITests.xctest */ = {isa = PBXFileReference; explicitFileType = wrapper.cfbundle; includeInIndex = 0; path = CassiniUITests.xctest; sourceTree = BUILT_PRODUCTS_DIR; };
		23AF1C9421EF90800053D5D6 /* CassiniUITests.swift */ = {isa = PBXFileReference; lastKnownFileType = sourcecode.swift; path = CassiniUITests.swift; sourceTree = "<group>"; };
		23AF1C9621EF90800053D5D6 /* Info.plist */ = {isa = PBXFileReference; lastKnownFileType = text.plist.xml; path = Info.plist; sourceTree = "<group>"; };
		23AF1CA321EF91680053D5D6 /* ImageViewController.swift */ = {isa = PBXFileReference; lastKnownFileType = sourcecode.swift; path = ImageViewController.swift; sourceTree = "<group>"; };
		23AF1CA521EF97430053D5D6 /* DemoURLs.swift */ = {isa = PBXFileReference; lastKnownFileType = sourcecode.swift; path = DemoURLs.swift; sourceTree = "<group>"; };
		23AF1CA721EF98D40053D5D6 /* oval.jpg */ = {isa = PBXFileReference; lastKnownFileType = image.jpeg; path = oval.jpg; sourceTree = "<group>"; };
/* End PBXFileReference section */

/* Begin PBXFrameworksBuildPhase section */
		23AF1C6E21EF907F0053D5D6 /* Frameworks */ = {
			isa = PBXFrameworksBuildPhase;
			buildActionMask = 2147483647;
			files = (
			);
			runOnlyForDeploymentPostprocessing = 0;
		};
		23AF1C8221EF90800053D5D6 /* Frameworks */ = {
			isa = PBXFrameworksBuildPhase;
			buildActionMask = 2147483647;
			files = (
			);
			runOnlyForDeploymentPostprocessing = 0;
		};
		23AF1C8D21EF90800053D5D6 /* Frameworks */ = {
			isa = PBXFrameworksBuildPhase;
			buildActionMask = 2147483647;
			files = (
			);
			runOnlyForDeploymentPostprocessing = 0;
		};
/* End PBXFrameworksBuildPhase section */

/* Begin PBXGroup section */
		23AF1C6821EF907F0053D5D6 = {
			isa = PBXGroup;
			children = (
				23AF1C7321EF907F0053D5D6 /* Cassini */,
				23AF1C8821EF90800053D5D6 /* CassiniTests */,
				23AF1C9321EF90800053D5D6 /* CassiniUITests */,
				23AF1C7221EF907F0053D5D6 /* Products */,
			);
			sourceTree = "<group>";
		};
		23AF1C7221EF907F0053D5D6 /* Products */ = {
			isa = PBXGroup;
			children = (
				23AF1C7121EF907F0053D5D6 /* Cassini.app */,
				23AF1C8521EF90800053D5D6 /* CassiniTests.xctest */,
				23AF1C9021EF90800053D5D6 /* CassiniUITests.xctest */,
			);
			name = Products;
			sourceTree = "<group>";
		};
		23AF1C7321EF907F0053D5D6 /* Cassini */ = {
			isa = PBXGroup;
			children = (
				23AF1CA221EF90B70053D5D6 /* Application */,
				23AF1C7821EF907F0053D5D6 /* Main.storyboard */,
				23AF1CA321EF91680053D5D6 /* ImageViewController.swift */,
				23AF1C8021EF90800053D5D6 /* Info.plist */,
				23AF1CA521EF97430053D5D6 /* DemoURLs.swift */,
				23AF1CA721EF98D40053D5D6 /* oval.jpg */,
			);
			path = Cassini;
			sourceTree = "<group>";
		};
		23AF1C8821EF90800053D5D6 /* CassiniTests */ = {
			isa = PBXGroup;
			children = (
				23AF1C8921EF90800053D5D6 /* CassiniTests.swift */,
				23AF1C8B21EF90800053D5D6 /* Info.plist */,
			);
			path = CassiniTests;
			sourceTree = "<group>";
		};
		23AF1C9321EF90800053D5D6 /* CassiniUITests */ = {
			isa = PBXGroup;
			children = (
				23AF1C9421EF90800053D5D6 /* CassiniUITests.swift */,
				23AF1C9621EF90800053D5D6 /* Info.plist */,
			);
			path = CassiniUITests;
			sourceTree = "<group>";
		};
		23AF1CA221EF90B70053D5D6 /* Application */ = {
			isa = PBXGroup;
			children = (
				23AF1C7421EF907F0053D5D6 /* AppDelegate.swift */,
				23AF1C7B21EF90800053D5D6 /* Assets.xcassets */,
				23AF1C7D21EF90800053D5D6 /* LaunchScreen.storyboard */,
			);
			path = Application;
			sourceTree = "<group>";
		};
/* End PBXGroup section */

/* Begin PBXNativeTarget section */
		23AF1C7021EF907F0053D5D6 /* Cassini */ = {
			isa = PBXNativeTarget;
			buildConfigurationList = 23AF1C9921EF90800053D5D6 /* Build configuration list for PBXNativeTarget "Cassini" */;
			buildPhases = (
				23AF1C6D21EF907F0053D5D6 /* Sources */,
				23AF1C6E21EF907F0053D5D6 /* Frameworks */,
				23AF1C6F21EF907F0053D5D6 /* Resources */,
			);
			buildRules = (
			);
			dependencies = (
			);
			name = Cassini;
			productName = Cassini;
			productReference = 23AF1C7121EF907F0053D5D6 /* Cassini.app */;
			productType = "com.apple.product-type.application";
		};
		23AF1C8421EF90800053D5D6 /* CassiniTests */ = {
			isa = PBXNativeTarget;
			buildConfigurationList = 23AF1C9C21EF90800053D5D6 /* Build configuration list for PBXNativeTarget "CassiniTests" */;
			buildPhases = (
				23AF1C8121EF90800053D5D6 /* Sources */,
				23AF1C8221EF90800053D5D6 /* Frameworks */,
				23AF1C8321EF90800053D5D6 /* Resources */,
			);
			buildRules = (
			);
			dependencies = (
				23AF1C8721EF90800053D5D6 /* PBXTargetDependency */,
			);
			name = CassiniTests;
			productName = CassiniTests;
			productReference = 23AF1C8521EF90800053D5D6 /* CassiniTests.xctest */;
			productType = "com.apple.product-type.bundle.unit-test";
		};
		23AF1C8F21EF90800053D5D6 /* CassiniUITests */ = {
			isa = PBXNativeTarget;
			buildConfigurationList = 23AF1C9F21EF90800053D5D6 /* Build configuration list for PBXNativeTarget "CassiniUITests" */;
			buildPhases = (
				23AF1C8C21EF90800053D5D6 /* Sources */,
				23AF1C8D21EF90800053D5D6 /* Frameworks */,
				23AF1C8E21EF90800053D5D6 /* Resources */,
			);
			buildRules = (
			);
			dependencies = (
				23AF1C9221EF90800053D5D6 /* PBXTargetDependency */,
			);
			name = CassiniUITests;
			productName = CassiniUITests;
			productReference = 23AF1C9021EF90800053D5D6 /* CassiniUITests.xctest */;
			productType = "com.apple.product-type.bundle.ui-testing";
		};
/* End PBXNativeTarget section */

/* Begin PBXProject section */
		23AF1C6921EF907F0053D5D6 /* Project object */ = {
			isa = PBXProject;
			attributes = {
				LastSwiftUpdateCheck = 1010;
				LastUpgradeCheck = 1010;
				ORGANIZATIONNAME = Polygon;
				TargetAttributes = {
					23AF1C7021EF907F0053D5D6 = {
						CreatedOnToolsVersion = 10.1;
					};
					23AF1C8421EF90800053D5D6 = {
						CreatedOnToolsVersion = 10.1;
						TestTargetID = 23AF1C7021EF907F0053D5D6;
					};
					23AF1C8F21EF90800053D5D6 = {
						CreatedOnToolsVersion = 10.1;
						TestTargetID = 23AF1C7021EF907F0053D5D6;
					};
				};
			};
			buildConfigurationList = 23AF1C6C21EF907F0053D5D6 /* Build configuration list for PBXProject "Cassini" */;
			compatibilityVersion = "Xcode 9.3";
			developmentRegion = en;
			hasScannedForEncodings = 0;
			knownRegions = (
				en,
				Base,
			);
			mainGroup = 23AF1C6821EF907F0053D5D6;
			productRefGroup = 23AF1C7221EF907F0053D5D6 /* Products */;
			projectDirPath = "";
			projectRoot = "";
			targets = (
				23AF1C7021EF907F0053D5D6 /* Cassini */,
				23AF1C8421EF90800053D5D6 /* CassiniTests */,
				23AF1C8F21EF90800053D5D6 /* CassiniUITests */,
			);
		};
/* End PBXProject section */

/* Begin PBXResourcesBuildPhase section */
		23AF1C6F21EF907F0053D5D6 /* Resources */ = {
			isa = PBXResourcesBuildPhase;
			buildActionMask = 2147483647;
			files = (
				23AF1C7F21EF90800053D5D6 /* LaunchScreen.storyboard in Resources */,
				23AF1CA821EF98D40053D5D6 /* oval.jpg in Resources */,
				23AF1C7C21EF90800053D5D6 /* Assets.xcassets in Resources */,
				23AF1C7A21EF907F0053D5D6 /* Main.storyboard in Resources */,
			);
			runOnlyForDeploymentPostprocessing = 0;
		};
		23AF1C8321EF90800053D5D6 /* Resources */ = {
			isa = PBXResourcesBuildPhase;
			buildActionMask = 2147483647;
			files = (
			);
			runOnlyForDeploymentPostprocessing = 0;
		};
		23AF1C8E21EF90800053D5D6 /* Resources */ = {
			isa = PBXResourcesBuildPhase;
			buildActionMask = 2147483647;
			files = (
			);
			runOnlyForDeploymentPostprocessing = 0;
		};
/* End PBXResourcesBuildPhase section */

/* Begin PBXSourcesBuildPhase section */
		23AF1C6D21EF907F0053D5D6 /* Sources */ = {
			isa = PBXSourcesBuildPhase;
			buildActionMask = 2147483647;
			files = (
				23AF1CA421EF91680053D5D6 /* ImageViewController.swift in Sources */,
				23AF1C7521EF907F0053D5D6 /* AppDelegate.swift in Sources */,
				23AF1CA621EF97430053D5D6 /* DemoURLs.swift in Sources */,
			);
			runOnlyForDeploymentPostprocessing = 0;
		};
		23AF1C8121EF90800053D5D6 /* Sources */ = {
			isa = PBXSourcesBuildPhase;
			buildActionMask = 2147483647;
			files = (
				23AF1C8A21EF90800053D5D6 /* CassiniTests.swift in Sources */,
			);
			runOnlyForDeploymentPostprocessing = 0;
		};
		23AF1C8C21EF90800053D5D6 /* Sources */ = {
			isa = PBXSourcesBuildPhase;
			buildActionMask = 2147483647;
			files = (
				23AF1C9521EF90800053D5D6 /* CassiniUITests.swift in Sources */,
			);
			runOnlyForDeploymentPostprocessing = 0;
		};
/* End PBXSourcesBuildPhase section */

/* Begin PBXTargetDependency section */
		23AF1C8721EF90800053D5D6 /* PBXTargetDependency */ = {
			isa = PBXTargetDependency;
			target = 23AF1C7021EF907F0053D5D6 /* Cassini */;
			targetProxy = 23AF1C8621EF90800053D5D6 /* PBXContainerItemProxy */;
		};
		23AF1C9221EF90800053D5D6 /* PBXTargetDependency */ = {
			isa = PBXTargetDependency;
			target = 23AF1C7021EF907F0053D5D6 /* Cassini */;
			targetProxy = 23AF1C9121EF90800053D5D6 /* PBXContainerItemProxy */;
		};
/* End PBXTargetDependency section */

/* Begin PBXVariantGroup section */
		23AF1C7821EF907F0053D5D6 /* Main.storyboard */ = {
			isa = PBXVariantGroup;
			children = (
				23AF1C7921EF907F0053D5D6 /* Base */,
			);
			name = Main.storyboard;
			sourceTree = "<group>";
		};
		23AF1C7D21EF90800053D5D6 /* LaunchScreen.storyboard */ = {
			isa = PBXVariantGroup;
			children = (
				23AF1C7E21EF90800053D5D6 /* Base */,
			);
			name = LaunchScreen.storyboard;
			sourceTree = "<group>";
		};
/* End PBXVariantGroup section */

/* Begin XCBuildConfiguration section */
		23AF1C9721EF90800053D5D6 /* Debug */ = {
			isa = XCBuildConfiguration;
			buildSettings = {
				ALWAYS_SEARCH_USER_PATHS = NO;
				CLANG_ANALYZER_NONNULL = YES;
				CLANG_ANALYZER_NUMBER_OBJECT_CONVERSION = YES_AGGRESSIVE;
				CLANG_CXX_LANGUAGE_STANDARD = "gnu++14";
				CLANG_CXX_LIBRARY = "libc++";
				CLANG_ENABLE_MODULES = YES;
				CLANG_ENABLE_OBJC_ARC = YES;
				CLANG_ENABLE_OBJC_WEAK = YES;
				CLANG_WARN_BLOCK_CAPTURE_AUTORELEASING = YES;
				CLANG_WARN_BOOL_CONVERSION = YES;
				CLANG_WARN_COMMA = YES;
				CLANG_WARN_CONSTANT_CONVERSION = YES;
				CLANG_WARN_DEPRECATED_OBJC_IMPLEMENTATIONS = YES;
				CLANG_WARN_DIRECT_OBJC_ISA_USAGE = YES_ERROR;
				CLANG_WARN_DOCUMENTATION_COMMENTS = YES;
				CLANG_WARN_EMPTY_BODY = YES;
				CLANG_WARN_ENUM_CONVERSION = YES;
				CLANG_WARN_INFINITE_RECURSION = YES;
				CLANG_WARN_INT_CONVERSION = YES;
				CLANG_WARN_NON_LITERAL_NULL_CONVERSION = YES;
				CLANG_WARN_OBJC_IMPLICIT_RETAIN_SELF = YES;
				CLANG_WARN_OBJC_LITERAL_CONVERSION = YES;
				CLANG_WARN_OBJC_ROOT_CLASS = YES_ERROR;
				CLANG_WARN_RANGE_LOOP_ANALYSIS = YES;
				CLANG_WARN_STRICT_PROTOTYPES = YES;
				CLANG_WARN_SUSPICIOUS_MOVE = YES;
				CLANG_WARN_UNGUARDED_AVAILABILITY = YES_AGGRESSIVE;
				CLANG_WARN_UNREACHABLE_CODE = YES;
				CLANG_WARN__DUPLICATE_METHOD_MATCH = YES;
				CODE_SIGN_IDENTITY = "iPhone Developer";
				COPY_PHASE_STRIP = NO;
				DEBUG_INFORMATION_FORMAT = dwarf;
				ENABLE_STRICT_OBJC_MSGSEND = YES;
				ENABLE_TESTABILITY = YES;
				GCC_C_LANGUAGE_STANDARD = gnu11;
				GCC_DYNAMIC_NO_PIC = NO;
				GCC_NO_COMMON_BLOCKS = YES;
				GCC_OPTIMIZATION_LEVEL = 0;
				GCC_PREPROCESSOR_DEFINITIONS = (
					"DEBUG=1",
					"$(inherited)",
				);
				GCC_WARN_64_TO_32_BIT_CONVERSION = YES;
				GCC_WARN_ABOUT_RETURN_TYPE = YES_ERROR;
				GCC_WARN_UNDECLARED_SELECTOR = YES;
				GCC_WARN_UNINITIALIZED_AUTOS = YES_AGGRESSIVE;
				GCC_WARN_UNUSED_FUNCTION = YES;
				GCC_WARN_UNUSED_VARIABLE = YES;
				IPHONEOS_DEPLOYMENT_TARGET = 12.1;
				MTL_ENABLE_DEBUG_INFO = INCLUDE_SOURCE;
				MTL_FAST_MATH = YES;
				ONLY_ACTIVE_ARCH = YES;
				SDKROOT = iphoneos;
				SWIFT_ACTIVE_COMPILATION_CONDITIONS = DEBUG;
				SWIFT_OPTIMIZATION_LEVEL = "-Onone";
			};
			name = Debug;
		};
		23AF1C9821EF90800053D5D6 /* Release */ = {
			isa = XCBuildConfiguration;
			buildSettings = {
				ALWAYS_SEARCH_USER_PATHS = NO;
				CLANG_ANALYZER_NONNULL = YES;
				CLANG_ANALYZER_NUMBER_OBJECT_CONVERSION = YES_AGGRESSIVE;
				CLANG_CXX_LANGUAGE_STANDARD = "gnu++14";
				CLANG_CXX_LIBRARY = "libc++";
				CLANG_ENABLE_MODULES = YES;
				CLANG_ENABLE_OBJC_ARC = YES;
				CLANG_ENABLE_OBJC_WEAK = YES;
				CLANG_WARN_BLOCK_CAPTURE_AUTORELEASING = YES;
				CLANG_WARN_BOOL_CONVERSION = YES;
				CLANG_WARN_COMMA = YES;
				CLANG_WARN_CONSTANT_CONVERSION = YES;
				CLANG_WARN_DEPRECATED_OBJC_IMPLEMENTATIONS = YES;
				CLANG_WARN_DIRECT_OBJC_ISA_USAGE = YES_ERROR;
				CLANG_WARN_DOCUMENTATION_COMMENTS = YES;
				CLANG_WARN_EMPTY_BODY = YES;
				CLANG_WARN_ENUM_CONVERSION = YES;
				CLANG_WARN_INFINITE_RECURSION = YES;
				CLANG_WARN_INT_CONVERSION = YES;
				CLANG_WARN_NON_LITERAL_NULL_CONVERSION = YES;
				CLANG_WARN_OBJC_IMPLICIT_RETAIN_SELF = YES;
				CLANG_WARN_OBJC_LITERAL_CONVERSION = YES;
				CLANG_WARN_OBJC_ROOT_CLASS = YES_ERROR;
				CLANG_WARN_RANGE_LOOP_ANALYSIS = YES;
				CLANG_WARN_STRICT_PROTOTYPES = YES;
				CLANG_WARN_SUSPICIOUS_MOVE = YES;
				CLANG_WARN_UNGUARDED_AVAILABILITY = YES_AGGRESSIVE;
				CLANG_WARN_UNREACHABLE_CODE = YES;
				CLANG_WARN__DUPLICATE_METHOD_MATCH = YES;
				CODE_SIGN_IDENTITY = "iPhone Developer";
				COPY_PHASE_STRIP = NO;
				DEBUG_INFORMATION_FORMAT = "dwarf-with-dsym";
				ENABLE_NS_ASSERTIONS = NO;
				ENABLE_STRICT_OBJC_MSGSEND = YES;
				GCC_C_LANGUAGE_STANDARD = gnu11;
				GCC_NO_COMMON_BLOCKS = YES;
				GCC_WARN_64_TO_32_BIT_CONVERSION = YES;
				GCC_WARN_ABOUT_RETURN_TYPE = YES_ERROR;
				GCC_WARN_UNDECLARED_SELECTOR = YES;
				GCC_WARN_UNINITIALIZED_AUTOS = YES_AGGRESSIVE;
				GCC_WARN_UNUSED_FUNCTION = YES;
				GCC_WARN_UNUSED_VARIABLE = YES;
				IPHONEOS_DEPLOYMENT_TARGET = 12.1;
				MTL_ENABLE_DEBUG_INFO = NO;
				MTL_FAST_MATH = YES;
				SDKROOT = iphoneos;
				SWIFT_COMPILATION_MODE = wholemodule;
				SWIFT_OPTIMIZATION_LEVEL = "-O";
				VALIDATE_PRODUCT = YES;
			};
			name = Release;
		};
		23AF1C9A21EF90800053D5D6 /* Debug */ = {
			isa = XCBuildConfiguration;
			buildSettings = {
				ASSETCATALOG_COMPILER_APPICON_NAME = AppIcon;
				CODE_SIGN_STYLE = Automatic;
				INFOPLIST_FILE = Cassini/Info.plist;
				LD_RUNPATH_SEARCH_PATHS = (
					"$(inherited)",
					"@executable_path/Frameworks",
				);
				PRODUCT_BUNDLE_IDENTIFIER = com.polygon.Cassini;
				PRODUCT_NAME = "$(TARGET_NAME)";
				SWIFT_VERSION = 4.2;
				TARGETED_DEVICE_FAMILY = "1,2";
			};
			name = Debug;
		};
		23AF1C9B21EF90800053D5D6 /* Release */ = {
			isa = XCBuildConfiguration;
			buildSettings = {
				ASSETCATALOG_COMPILER_APPICON_NAME = AppIcon;
				CODE_SIGN_STYLE = Automatic;
				INFOPLIST_FILE = Cassini/Info.plist;
				LD_RUNPATH_SEARCH_PATHS = (
					"$(inherited)",
					"@executable_path/Frameworks",
				);
				PRODUCT_BUNDLE_IDENTIFIER = com.polygon.Cassini;
				PRODUCT_NAME = "$(TARGET_NAME)";
				SWIFT_VERSION = 4.2;
				TARGETED_DEVICE_FAMILY = "1,2";
			};
			name = Release;
		};
		23AF1C9D21EF90800053D5D6 /* Debug */ = {
			isa = XCBuildConfiguration;
			buildSettings = {
				ALWAYS_EMBED_SWIFT_STANDARD_LIBRARIES = YES;
				BUNDLE_LOADER = "$(TEST_HOST)";
				CODE_SIGN_STYLE = Automatic;
				INFOPLIST_FILE = CassiniTests/Info.plist;
				LD_RUNPATH_SEARCH_PATHS = (
					"$(inherited)",
					"@executable_path/Frameworks",
					"@loader_path/Frameworks",
				);
				PRODUCT_BUNDLE_IDENTIFIER = com.polygon.CassiniTests;
				PRODUCT_NAME = "$(TARGET_NAME)";
				SWIFT_VERSION = 4.2;
				TARGETED_DEVICE_FAMILY = "1,2";
				TEST_HOST = "$(BUILT_PRODUCTS_DIR)/Cassini.app/Cassini";
			};
			name = Debug;
		};
		23AF1C9E21EF90800053D5D6 /* Release */ = {
			isa = XCBuildConfiguration;
			buildSettings = {
				ALWAYS_EMBED_SWIFT_STANDARD_LIBRARIES = YES;
				BUNDLE_LOADER = "$(TEST_HOST)";
				CODE_SIGN_STYLE = Automatic;
				INFOPLIST_FILE = CassiniTests/Info.plist;
				LD_RUNPATH_SEARCH_PATHS = (
					"$(inherited)",
					"@executable_path/Frameworks",
					"@loader_path/Frameworks",
				);
				PRODUCT_BUNDLE_IDENTIFIER = com.polygon.CassiniTests;
				PRODUCT_NAME = "$(TARGET_NAME)";
				SWIFT_VERSION = 4.2;
				TARGETED_DEVICE_FAMILY = "1,2";
				TEST_HOST = "$(BUILT_PRODUCTS_DIR)/Cassini.app/Cassini";
			};
			name = Release;
		};
		23AF1CA021EF90800053D5D6 /* Debug */ = {
			isa = XCBuildConfiguration;
			buildSettings = {
				ALWAYS_EMBED_SWIFT_STANDARD_LIBRARIES = YES;
				CODE_SIGN_STYLE = Automatic;
				INFOPLIST_FILE = CassiniUITests/Info.plist;
				LD_RUNPATH_SEARCH_PATHS = (
					"$(inherited)",
					"@executable_path/Frameworks",
					"@loader_path/Frameworks",
				);
				PRODUCT_BUNDLE_IDENTIFIER = com.polygon.CassiniUITests;
				PRODUCT_NAME = "$(TARGET_NAME)";
				SWIFT_VERSION = 4.2;
				TARGETED_DEVICE_FAMILY = "1,2";
				TEST_TARGET_NAME = Cassini;
			};
			name = Debug;
		};
		23AF1CA121EF90800053D5D6 /* Release */ = {
			isa = XCBuildConfiguration;
			buildSettings = {
				ALWAYS_EMBED_SWIFT_STANDARD_LIBRARIES = YES;
				CODE_SIGN_STYLE = Automatic;
				INFOPLIST_FILE = CassiniUITests/Info.plist;
				LD_RUNPATH_SEARCH_PATHS = (
					"$(inherited)",
					"@executable_path/Frameworks",
					"@loader_path/Frameworks",
				);
				PRODUCT_BUNDLE_IDENTIFIER = com.polygon.CassiniUITests;
				PRODUCT_NAME = "$(TARGET_NAME)";
				SWIFT_VERSION = 4.2;
				TARGETED_DEVICE_FAMILY = "1,2";
				TEST_TARGET_NAME = Cassini;
			};
			name = Release;
		};
/* End XCBuildConfiguration section */

/* Begin XCConfigurationList section */
		23AF1C6C21EF907F0053D5D6 /* Build configuration list for PBXProject "Cassini" */ = {
			isa = XCConfigurationList;
			buildConfigurations = (
				23AF1C9721EF90800053D5D6 /* Debug */,
				23AF1C9821EF90800053D5D6 /* Release */,
			);
			defaultConfigurationIsVisible = 0;
			defaultConfigurationName = Release;
		};
		23AF1C9921EF90800053D5D6 /* Build configuration list for PBXNativeTarget "Cassini" */ = {
			isa = XCConfigurationList;
			buildConfigurations = (
				23AF1C9A21EF90800053D5D6 /* Debug */,
				23AF1C9B21EF90800053D5D6 /* Release */,
			);
			defaultConfigurationIsVisible = 0;
			defaultConfigurationName = Release;
		};
		23AF1C9C21EF90800053D5D6 /* Build configuration list for PBXNativeTarget "CassiniTests" */ = {
			isa = XCConfigurationList;
			buildConfigurations = (
				23AF1C9D21EF90800053D5D6 /* Debug */,
				23AF1C9E21EF90800053D5D6 /* Release */,
			);
			defaultConfigurationIsVisible = 0;
			defaultConfigurationName = Release;
		};
		23AF1C9F21EF90800053D5D6 /* Build configuration list for PBXNativeTarget "CassiniUITests" */ = {
			isa = XCConfigurationList;
			buildConfigurations = (
				23AF1CA021EF90800053D5D6 /* Debug */,
				23AF1CA121EF90800053D5D6 /* Release */,
			);
			defaultConfigurationIsVisible = 0;
			defaultConfigurationName = Release;
		};
/* End XCConfigurationList section */
	};
	rootObject = 23AF1C6921EF907F0053D5D6 /* Project object */;
}
