// !$*UTF8*$!
{
	archiveVersion = 1;
	classes = {
	};
	objectVersion = 50;
	objects = {

/* Begin PBXBuildFile section */
		232AC8CE21CCD410005E2102 /* AppDelegate.swift in Sources */ = {isa = PBXBuildFile; fileRef = 232AC8CD21CCD410005E2102 /* AppDelegate.swift */; };
		232AC8D021CCD410005E2102 /* ViewController.swift in Sources */ = {isa = PBXBuildFile; fileRef = 232AC8CF21CCD410005E2102 /* ViewController.swift */; };
		232AC8D321CCD410005E2102 /* Main.storyboard in Resources */ = {isa = PBXBuildFile; fileRef = 232AC8D121CCD410005E2102 /* Main.storyboard */; };
		232AC8D521CCD412005E2102 /* Assets.xcassets in Resources */ = {isa = PBXBuildFile; fileRef = 232AC8D421CCD412005E2102 /* Assets.xcassets */; };
		232AC8D821CCD412005E2102 /* LaunchScreen.storyboard in Resources */ = {isa = PBXBuildFile; fileRef = 232AC8D621CCD412005E2102 /* LaunchScreen.storyboard */; };
		232AC8E321CCD412005E2102 /* PlayingCardTests.swift in Sources */ = {isa = PBXBuildFile; fileRef = 232AC8E221CCD412005E2102 /* PlayingCardTests.swift */; };
		232AC8EE21CCD412005E2102 /* PlayingCardUITests.swift in Sources */ = {isa = PBXBuildFile; fileRef = 232AC8ED21CCD412005E2102 /* PlayingCardUITests.swift */; };
		232AC8FD21CCD4B3005E2102 /* PlayingCard.swift in Sources */ = {isa = PBXBuildFile; fileRef = 232AC8FC21CCD4B3005E2102 /* PlayingCard.swift */; };
		232AC8FF21CCD90F005E2102 /* PlayingCardDeck.swift in Sources */ = {isa = PBXBuildFile; fileRef = 232AC8FE21CCD90F005E2102 /* PlayingCardDeck.swift */; };
		234A6AE721D0013700D8C8E5 /* PlayingCardView.swift in Sources */ = {isa = PBXBuildFile; fileRef = 234A6AE621D0013700D8C8E5 /* PlayingCardView.swift */; };
		239F54EF21E7F41E00EEAD07 /* MultipleCards.storyboard in Resources */ = {isa = PBXBuildFile; fileRef = 239F54EE21E7F41E00EEAD07 /* MultipleCards.storyboard */; };
		239F54F121E960BA00EEAD07 /* MultipleCardsViewController.swift in Sources */ = {isa = PBXBuildFile; fileRef = 239F54F021E960BA00EEAD07 /* MultipleCardsViewController.swift */; };
/* End PBXBuildFile section */

/* Begin PBXContainerItemProxy section */
		232AC8DF21CCD412005E2102 /* PBXContainerItemProxy */ = {
			isa = PBXContainerItemProxy;
			containerPortal = 232AC8C221CCD410005E2102 /* Project object */;
			proxyType = 1;
			remoteGlobalIDString = 232AC8C921CCD410005E2102;
			remoteInfo = PlayingCard;
		};
		232AC8EA21CCD412005E2102 /* PBXContainerItemProxy */ = {
			isa = PBXContainerItemProxy;
			containerPortal = 232AC8C221CCD410005E2102 /* Project object */;
			proxyType = 1;
			remoteGlobalIDString = 232AC8C921CCD410005E2102;
			remoteInfo = PlayingCard;
		};
/* End PBXContainerItemProxy section */

/* Begin PBXFileReference section */
		232AC8CA21CCD410005E2102 /* PlayingCard.app */ = {isa = PBXFileReference; explicitFileType = wrapper.application; includeInIndex = 0; path = PlayingCard.app; sourceTree = BUILT_PRODUCTS_DIR; };
		232AC8CD21CCD410005E2102 /* AppDelegate.swift */ = {isa = PBXFileReference; lastKnownFileType = sourcecode.swift; path = AppDelegate.swift; sourceTree = "<group>"; };
		232AC8CF21CCD410005E2102 /* ViewController.swift */ = {isa = PBXFileReference; lastKnownFileType = sourcecode.swift; path = ViewController.swift; sourceTree = "<group>"; };
		232AC8D221CCD410005E2102 /* Base */ = {isa = PBXFileReference; lastKnownFileType = file.storyboard; name = Base; path = Base.lproj/Main.storyboard; sourceTree = "<group>"; };
		232AC8D421CCD412005E2102 /* Assets.xcassets */ = {isa = PBXFileReference; lastKnownFileType = folder.assetcatalog; path = Assets.xcassets; sourceTree = "<group>"; };
		232AC8D721CCD412005E2102 /* Base */ = {isa = PBXFileReference; lastKnownFileType = file.storyboard; name = Base; path = Base.lproj/LaunchScreen.storyboard; sourceTree = "<group>"; };
		232AC8D921CCD412005E2102 /* Info.plist */ = {isa = PBXFileReference; lastKnownFileType = text.plist.xml; path = Info.plist; sourceTree = "<group>"; };
		232AC8DE21CCD412005E2102 /* PlayingCardTests.xctest */ = {isa = PBXFileReference; explicitFileType = wrapper.cfbundle; includeInIndex = 0; path = PlayingCardTests.xctest; sourceTree = BUILT_PRODUCTS_DIR; };
		232AC8E221CCD412005E2102 /* PlayingCardTests.swift */ = {isa = PBXFileReference; lastKnownFileType = sourcecode.swift; path = PlayingCardTests.swift; sourceTree = "<group>"; };
		232AC8E421CCD412005E2102 /* Info.plist */ = {isa = PBXFileReference; lastKnownFileType = text.plist.xml; path = Info.plist; sourceTree = "<group>"; };
		232AC8E921CCD412005E2102 /* PlayingCardUITests.xctest */ = {isa = PBXFileReference; explicitFileType = wrapper.cfbundle; includeInIndex = 0; path = PlayingCardUITests.xctest; sourceTree = BUILT_PRODUCTS_DIR; };
		232AC8ED21CCD412005E2102 /* PlayingCardUITests.swift */ = {isa = PBXFileReference; lastKnownFileType = sourcecode.swift; path = PlayingCardUITests.swift; sourceTree = "<group>"; };
		232AC8EF21CCD412005E2102 /* Info.plist */ = {isa = PBXFileReference; lastKnownFileType = text.plist.xml; path = Info.plist; sourceTree = "<group>"; };
		232AC8FC21CCD4B3005E2102 /* PlayingCard.swift */ = {isa = PBXFileReference; lastKnownFileType = sourcecode.swift; name = PlayingCard.swift; path = PlayingCard/PlayingCard.swift; sourceTree = SOURCE_ROOT; };
		232AC8FE21CCD90F005E2102 /* PlayingCardDeck.swift */ = {isa = PBXFileReference; lastKnownFileType = sourcecode.swift; path = PlayingCardDeck.swift; sourceTree = "<group>"; };
		234A6AE621D0013700D8C8E5 /* PlayingCardView.swift */ = {isa = PBXFileReference; lastKnownFileType = sourcecode.swift; path = PlayingCardView.swift; sourceTree = "<group>"; };
		239F54EE21E7F41E00EEAD07 /* MultipleCards.storyboard */ = {isa = PBXFileReference; lastKnownFileType = file.storyboard; path = MultipleCards.storyboard; sourceTree = "<group>"; };
		239F54F021E960BA00EEAD07 /* MultipleCardsViewController.swift */ = {isa = PBXFileReference; lastKnownFileType = sourcecode.swift; path = MultipleCardsViewController.swift; sourceTree = "<group>"; };
/* End PBXFileReference section */

/* Begin PBXFrameworksBuildPhase section */
		232AC8C721CCD410005E2102 /* Frameworks */ = {
			isa = PBXFrameworksBuildPhase;
			buildActionMask = 2147483647;
			files = (
			);
			runOnlyForDeploymentPostprocessing = 0;
		};
		232AC8DB21CCD412005E2102 /* Frameworks */ = {
			isa = PBXFrameworksBuildPhase;
			buildActionMask = 2147483647;
			files = (
			);
			runOnlyForDeploymentPostprocessing = 0;
		};
		232AC8E621CCD412005E2102 /* Frameworks */ = {
			isa = PBXFrameworksBuildPhase;
			buildActionMask = 2147483647;
			files = (
			);
			runOnlyForDeploymentPostprocessing = 0;
		};
/* End PBXFrameworksBuildPhase section */

/* Begin PBXGroup section */
		232AC8C121CCD410005E2102 = {
			isa = PBXGroup;
			children = (
				232AC8CC21CCD410005E2102 /* PlayingCard */,
				232AC8E121CCD412005E2102 /* PlayingCardTests */,
				232AC8EC21CCD412005E2102 /* PlayingCardUITests */,
				232AC8CB21CCD410005E2102 /* Products */,
			);
			sourceTree = "<group>";
		};
		232AC8CB21CCD410005E2102 /* Products */ = {
			isa = PBXGroup;
			children = (
				232AC8CA21CCD410005E2102 /* PlayingCard.app */,
				232AC8DE21CCD412005E2102 /* PlayingCardTests.xctest */,
				232AC8E921CCD412005E2102 /* PlayingCardUITests.xctest */,
			);
			name = Products;
			sourceTree = "<group>";
		};
		232AC8CC21CCD410005E2102 /* PlayingCard */ = {
			isa = PBXGroup;
			children = (
				232AC8D121CCD410005E2102 /* Main.storyboard */,
				232AC8CF21CCD410005E2102 /* ViewController.swift */,
				232AC8FE21CCD90F005E2102 /* PlayingCardDeck.swift */,
				232AC8FC21CCD4B3005E2102 /* PlayingCard.swift */,
				234A6AE621D0013700D8C8E5 /* PlayingCardView.swift */,
				239F54EE21E7F41E00EEAD07 /* MultipleCards.storyboard */,
				239F54F021E960BA00EEAD07 /* MultipleCardsViewController.swift */,
				232AC8D421CCD412005E2102 /* Assets.xcassets */,
				232AC8FB21CCD477005E2102 /* Supporting Files */,
				232AC8D921CCD412005E2102 /* Info.plist */,
			);
			path = PlayingCard;
			sourceTree = "<group>";
		};
		232AC8E121CCD412005E2102 /* PlayingCardTests */ = {
			isa = PBXGroup;
			children = (
				232AC8E221CCD412005E2102 /* PlayingCardTests.swift */,
				232AC8E421CCD412005E2102 /* Info.plist */,
			);
			path = PlayingCardTests;
			sourceTree = "<group>";
		};
		232AC8EC21CCD412005E2102 /* PlayingCardUITests */ = {
			isa = PBXGroup;
			children = (
				232AC8ED21CCD412005E2102 /* PlayingCardUITests.swift */,
				232AC8EF21CCD412005E2102 /* Info.plist */,
			);
			path = PlayingCardUITests;
			sourceTree = "<group>";
		};
		232AC8FB21CCD477005E2102 /* Supporting Files */ = {
			isa = PBXGroup;
			children = (
				232AC8CD21CCD410005E2102 /* AppDelegate.swift */,
				232AC8D621CCD412005E2102 /* LaunchScreen.storyboard */,
			);
			path = "Supporting Files";
			sourceTree = "<group>";
		};
/* End PBXGroup section */

/* Begin PBXNativeTarget section */
		232AC8C921CCD410005E2102 /* PlayingCard */ = {
			isa = PBXNativeTarget;
			buildConfigurationList = 232AC8F221CCD412005E2102 /* Build configuration list for PBXNativeTarget "PlayingCard" */;
			buildPhases = (
				232AC8C621CCD410005E2102 /* Sources */,
				232AC8C721CCD410005E2102 /* Frameworks */,
				232AC8C821CCD410005E2102 /* Resources */,
			);
			buildRules = (
			);
			dependencies = (
			);
			name = PlayingCard;
			productName = PlayingCard;
			productReference = 232AC8CA21CCD410005E2102 /* PlayingCard.app */;
			productType = "com.apple.product-type.application";
		};
		232AC8DD21CCD412005E2102 /* PlayingCardTests */ = {
			isa = PBXNativeTarget;
			buildConfigurationList = 232AC8F521CCD412005E2102 /* Build configuration list for PBXNativeTarget "PlayingCardTests" */;
			buildPhases = (
				232AC8DA21CCD412005E2102 /* Sources */,
				232AC8DB21CCD412005E2102 /* Frameworks */,
				232AC8DC21CCD412005E2102 /* Resources */,
			);
			buildRules = (
			);
			dependencies = (
				232AC8E021CCD412005E2102 /* PBXTargetDependency */,
			);
			name = PlayingCardTests;
			productName = PlayingCardTests;
			productReference = 232AC8DE21CCD412005E2102 /* PlayingCardTests.xctest */;
			productType = "com.apple.product-type.bundle.unit-test";
		};
		232AC8E821CCD412005E2102 /* PlayingCardUITests */ = {
			isa = PBXNativeTarget;
			buildConfigurationList = 232AC8F821CCD412005E2102 /* Build configuration list for PBXNativeTarget "PlayingCardUITests" */;
			buildPhases = (
				232AC8E521CCD412005E2102 /* Sources */,
				232AC8E621CCD412005E2102 /* Frameworks */,
				232AC8E721CCD412005E2102 /* Resources */,
			);
			buildRules = (
			);
			dependencies = (
				232AC8EB21CCD412005E2102 /* PBXTargetDependency */,
			);
			name = PlayingCardUITests;
			productName = PlayingCardUITests;
			productReference = 232AC8E921CCD412005E2102 /* PlayingCardUITests.xctest */;
			productType = "com.apple.product-type.bundle.ui-testing";
		};
/* End PBXNativeTarget section */

/* Begin PBXProject section */
		232AC8C221CCD410005E2102 /* Project object */ = {
			isa = PBXProject;
			attributes = {
				LastSwiftUpdateCheck = 1010;
				LastUpgradeCheck = 1010;
				ORGANIZATIONNAME = Polygon;
				TargetAttributes = {
					232AC8C921CCD410005E2102 = {
						CreatedOnToolsVersion = 10.1;
					};
					232AC8DD21CCD412005E2102 = {
						CreatedOnToolsVersion = 10.1;
						TestTargetID = 232AC8C921CCD410005E2102;
					};
					232AC8E821CCD412005E2102 = {
						CreatedOnToolsVersion = 10.1;
						TestTargetID = 232AC8C921CCD410005E2102;
					};
				};
			};
			buildConfigurationList = 232AC8C521CCD410005E2102 /* Build configuration list for PBXProject "PlayingCard" */;
			compatibilityVersion = "Xcode 9.3";
			developmentRegion = en;
			hasScannedForEncodings = 0;
			knownRegions = (
				en,
				Base,
			);
			mainGroup = 232AC8C121CCD410005E2102;
			productRefGroup = 232AC8CB21CCD410005E2102 /* Products */;
			projectDirPath = "";
			projectRoot = "";
			targets = (
				232AC8C921CCD410005E2102 /* PlayingCard */,
				232AC8DD21CCD412005E2102 /* PlayingCardTests */,
				232AC8E821CCD412005E2102 /* PlayingCardUITests */,
			);
		};
/* End PBXProject section */

/* Begin PBXResourcesBuildPhase section */
		232AC8C821CCD410005E2102 /* Resources */ = {
			isa = PBXResourcesBuildPhase;
			buildActionMask = 2147483647;
			files = (
				239F54EF21E7F41E00EEAD07 /* MultipleCards.storyboard in Resources */,
				232AC8D821CCD412005E2102 /* LaunchScreen.storyboard in Resources */,
				232AC8D521CCD412005E2102 /* Assets.xcassets in Resources */,
				232AC8D321CCD410005E2102 /* Main.storyboard in Resources */,
			);
			runOnlyForDeploymentPostprocessing = 0;
		};
		232AC8DC21CCD412005E2102 /* Resources */ = {
			isa = PBXResourcesBuildPhase;
			buildActionMask = 2147483647;
			files = (
			);
			runOnlyForDeploymentPostprocessing = 0;
		};
		232AC8E721CCD412005E2102 /* Resources */ = {
			isa = PBXResourcesBuildPhase;
			buildActionMask = 2147483647;
			files = (
			);
			runOnlyForDeploymentPostprocessing = 0;
		};
/* End PBXResourcesBuildPhase section */

/* Begin PBXSourcesBuildPhase section */
		232AC8C621CCD410005E2102 /* Sources */ = {
			isa = PBXSourcesBuildPhase;
			buildActionMask = 2147483647;
			files = (
				232AC8D021CCD410005E2102 /* ViewController.swift in Sources */,
				232AC8FF21CCD90F005E2102 /* PlayingCardDeck.swift in Sources */,
				232AC8FD21CCD4B3005E2102 /* PlayingCard.swift in Sources */,
				234A6AE721D0013700D8C8E5 /* PlayingCardView.swift in Sources */,
				239F54F121E960BA00EEAD07 /* MultipleCardsViewController.swift in Sources */,
				232AC8CE21CCD410005E2102 /* AppDelegate.swift in Sources */,
			);
			runOnlyForDeploymentPostprocessing = 0;
		};
		232AC8DA21CCD412005E2102 /* Sources */ = {
			isa = PBXSourcesBuildPhase;
			buildActionMask = 2147483647;
			files = (
				232AC8E321CCD412005E2102 /* PlayingCardTests.swift in Sources */,
			);
			runOnlyForDeploymentPostprocessing = 0;
		};
		232AC8E521CCD412005E2102 /* Sources */ = {
			isa = PBXSourcesBuildPhase;
			buildActionMask = 2147483647;
			files = (
				232AC8EE21CCD412005E2102 /* PlayingCardUITests.swift in Sources */,
			);
			runOnlyForDeploymentPostprocessing = 0;
		};
/* End PBXSourcesBuildPhase section */

/* Begin PBXTargetDependency section */
		232AC8E021CCD412005E2102 /* PBXTargetDependency */ = {
			isa = PBXTargetDependency;
			target = 232AC8C921CCD410005E2102 /* PlayingCard */;
			targetProxy = 232AC8DF21CCD412005E2102 /* PBXContainerItemProxy */;
		};
		232AC8EB21CCD412005E2102 /* PBXTargetDependency */ = {
			isa = PBXTargetDependency;
			target = 232AC8C921CCD410005E2102 /* PlayingCard */;
			targetProxy = 232AC8EA21CCD412005E2102 /* PBXContainerItemProxy */;
		};
/* End PBXTargetDependency section */

/* Begin PBXVariantGroup section */
		232AC8D121CCD410005E2102 /* Main.storyboard */ = {
			isa = PBXVariantGroup;
			children = (
				232AC8D221CCD410005E2102 /* Base */,
			);
			name = Main.storyboard;
			sourceTree = "<group>";
		};
		232AC8D621CCD412005E2102 /* LaunchScreen.storyboard */ = {
			isa = PBXVariantGroup;
			children = (
				232AC8D721CCD412005E2102 /* Base */,
			);
			name = LaunchScreen.storyboard;
			sourceTree = "<group>";
		};
/* End PBXVariantGroup section */

/* Begin XCBuildConfiguration section */
		232AC8F021CCD412005E2102 /* Debug */ = {
			isa = XCBuildConfiguration;
			buildSettings = {
				ALWAYS_SEARCH_USER_PATHS = NO;
				CLANG_ANALYZER_NONNULL = YES;
				CLANG_ANALYZER_NUMBER_OBJECT_CONVERSION = YES_AGGRESSIVE;
				CLANG_CXX_LANGUAGE_STANDARD = "gnu++14";
				CLANG_CXX_LIBRARY = "libc++";
				CLANG_ENABLE_MODULES = YES;
				CLANG_ENABLE_OBJC_ARC = YES;
				CLANG_ENABLE_OBJC_WEAK = YES;
				CLANG_WARN_BLOCK_CAPTURE_AUTORELEASING = YES;
				CLANG_WARN_BOOL_CONVERSION = YES;
				CLANG_WARN_COMMA = YES;
				CLANG_WARN_CONSTANT_CONVERSION = YES;
				CLANG_WARN_DEPRECATED_OBJC_IMPLEMENTATIONS = YES;
				CLANG_WARN_DIRECT_OBJC_ISA_USAGE = YES_ERROR;
				CLANG_WARN_DOCUMENTATION_COMMENTS = YES;
				CLANG_WARN_EMPTY_BODY = YES;
				CLANG_WARN_ENUM_CONVERSION = YES;
				CLANG_WARN_INFINITE_RECURSION = YES;
				CLANG_WARN_INT_CONVERSION = YES;
				CLANG_WARN_NON_LITERAL_NULL_CONVERSION = YES;
				CLANG_WARN_OBJC_IMPLICIT_RETAIN_SELF = YES;
				CLANG_WARN_OBJC_LITERAL_CONVERSION = YES;
				CLANG_WARN_OBJC_ROOT_CLASS = YES_ERROR;
				CLANG_WARN_RANGE_LOOP_ANALYSIS = YES;
				CLANG_WARN_STRICT_PROTOTYPES = YES;
				CLANG_WARN_SUSPICIOUS_MOVE = YES;
				CLANG_WARN_UNGUARDED_AVAILABILITY = YES_AGGRESSIVE;
				CLANG_WARN_UNREACHABLE_CODE = YES;
				CLANG_WARN__DUPLICATE_METHOD_MATCH = YES;
				CODE_SIGN_IDENTITY = "iPhone Developer";
				COPY_PHASE_STRIP = NO;
				DEBUG_INFORMATION_FORMAT = dwarf;
				ENABLE_STRICT_OBJC_MSGSEND = YES;
				ENABLE_TESTABILITY = YES;
				GCC_C_LANGUAGE_STANDARD = gnu11;
				GCC_DYNAMIC_NO_PIC = NO;
				GCC_NO_COMMON_BLOCKS = YES;
				GCC_OPTIMIZATION_LEVEL = 0;
				GCC_PREPROCESSOR_DEFINITIONS = (
					"DEBUG=1",
					"$(inherited)",
				);
				GCC_WARN_64_TO_32_BIT_CONVERSION = YES;
				GCC_WARN_ABOUT_RETURN_TYPE = YES_ERROR;
				GCC_WARN_UNDECLARED_SELECTOR = YES;
				GCC_WARN_UNINITIALIZED_AUTOS = YES_AGGRESSIVE;
				GCC_WARN_UNUSED_FUNCTION = YES;
				GCC_WARN_UNUSED_VARIABLE = YES;
				IPHONEOS_DEPLOYMENT_TARGET = 12.1;
				MTL_ENABLE_DEBUG_INFO = INCLUDE_SOURCE;
				MTL_FAST_MATH = YES;
				ONLY_ACTIVE_ARCH = YES;
				SDKROOT = iphoneos;
				SWIFT_ACTIVE_COMPILATION_CONDITIONS = DEBUG;
				SWIFT_OPTIMIZATION_LEVEL = "-Onone";
			};
			name = Debug;
		};
		232AC8F121CCD412005E2102 /* Release */ = {
			isa = XCBuildConfiguration;
			buildSettings = {
				ALWAYS_SEARCH_USER_PATHS = NO;
				CLANG_ANALYZER_NONNULL = YES;
				CLANG_ANALYZER_NUMBER_OBJECT_CONVERSION = YES_AGGRESSIVE;
				CLANG_CXX_LANGUAGE_STANDARD = "gnu++14";
				CLANG_CXX_LIBRARY = "libc++";
				CLANG_ENABLE_MODULES = YES;
				CLANG_ENABLE_OBJC_ARC = YES;
				CLANG_ENABLE_OBJC_WEAK = YES;
				CLANG_WARN_BLOCK_CAPTURE_AUTORELEASING = YES;
				CLANG_WARN_BOOL_CONVERSION = YES;
				CLANG_WARN_COMMA = YES;
				CLANG_WARN_CONSTANT_CONVERSION = YES;
				CLANG_WARN_DEPRECATED_OBJC_IMPLEMENTATIONS = YES;
				CLANG_WARN_DIRECT_OBJC_ISA_USAGE = YES_ERROR;
				CLANG_WARN_DOCUMENTATION_COMMENTS = YES;
				CLANG_WARN_EMPTY_BODY = YES;
				CLANG_WARN_ENUM_CONVERSION = YES;
				CLANG_WARN_INFINITE_RECURSION = YES;
				CLANG_WARN_INT_CONVERSION = YES;
				CLANG_WARN_NON_LITERAL_NULL_CONVERSION = YES;
				CLANG_WARN_OBJC_IMPLICIT_RETAIN_SELF = YES;
				CLANG_WARN_OBJC_LITERAL_CONVERSION = YES;
				CLANG_WARN_OBJC_ROOT_CLASS = YES_ERROR;
				CLANG_WARN_RANGE_LOOP_ANALYSIS = YES;
				CLANG_WARN_STRICT_PROTOTYPES = YES;
				CLANG_WARN_SUSPICIOUS_MOVE = YES;
				CLANG_WARN_UNGUARDED_AVAILABILITY = YES_AGGRESSIVE;
				CLANG_WARN_UNREACHABLE_CODE = YES;
				CLANG_WARN__DUPLICATE_METHOD_MATCH = YES;
				CODE_SIGN_IDENTITY = "iPhone Developer";
				COPY_PHASE_STRIP = NO;
				DEBUG_INFORMATION_FORMAT = "dwarf-with-dsym";
				ENABLE_NS_ASSERTIONS = NO;
				ENABLE_STRICT_OBJC_MSGSEND = YES;
				GCC_C_LANGUAGE_STANDARD = gnu11;
				GCC_NO_COMMON_BLOCKS = YES;
				GCC_WARN_64_TO_32_BIT_CONVERSION = YES;
				GCC_WARN_ABOUT_RETURN_TYPE = YES_ERROR;
				GCC_WARN_UNDECLARED_SELECTOR = YES;
				GCC_WARN_UNINITIALIZED_AUTOS = YES_AGGRESSIVE;
				GCC_WARN_UNUSED_FUNCTION = YES;
				GCC_WARN_UNUSED_VARIABLE = YES;
				IPHONEOS_DEPLOYMENT_TARGET = 12.1;
				MTL_ENABLE_DEBUG_INFO = NO;
				MTL_FAST_MATH = YES;
				SDKROOT = iphoneos;
				SWIFT_COMPILATION_MODE = wholemodule;
				SWIFT_OPTIMIZATION_LEVEL = "-O";
				VALIDATE_PRODUCT = YES;
			};
			name = Release;
		};
		232AC8F321CCD412005E2102 /* Debug */ = {
			isa = XCBuildConfiguration;
			buildSettings = {
				ASSETCATALOG_COMPILER_APPICON_NAME = AppIcon;
				CODE_SIGN_STYLE = Automatic;
				INFOPLIST_FILE = PlayingCard/Info.plist;
				LD_RUNPATH_SEARCH_PATHS = (
					"$(inherited)",
					"@executable_path/Frameworks",
				);
				PRODUCT_BUNDLE_IDENTIFIER = com.polygon.PlayingCard;
				PRODUCT_NAME = "$(TARGET_NAME)";
				SWIFT_VERSION = 4.2;
				TARGETED_DEVICE_FAMILY = "1,2";
			};
			name = Debug;
		};
		232AC8F421CCD412005E2102 /* Release */ = {
			isa = XCBuildConfiguration;
			buildSettings = {
				ASSETCATALOG_COMPILER_APPICON_NAME = AppIcon;
				CODE_SIGN_STYLE = Automatic;
				INFOPLIST_FILE = PlayingCard/Info.plist;
				LD_RUNPATH_SEARCH_PATHS = (
					"$(inherited)",
					"@executable_path/Frameworks",
				);
				PRODUCT_BUNDLE_IDENTIFIER = com.polygon.PlayingCard;
				PRODUCT_NAME = "$(TARGET_NAME)";
				SWIFT_VERSION = 4.2;
				TARGETED_DEVICE_FAMILY = "1,2";
			};
			name = Release;
		};
		232AC8F621CCD412005E2102 /* Debug */ = {
			isa = XCBuildConfiguration;
			buildSettings = {
				ALWAYS_EMBED_SWIFT_STANDARD_LIBRARIES = YES;
				BUNDLE_LOADER = "$(TEST_HOST)";
				CODE_SIGN_STYLE = Automatic;
				INFOPLIST_FILE = PlayingCardTests/Info.plist;
				LD_RUNPATH_SEARCH_PATHS = (
					"$(inherited)",
					"@executable_path/Frameworks",
					"@loader_path/Frameworks",
				);
				PRODUCT_BUNDLE_IDENTIFIER = com.polygon.PlayingCardTests;
				PRODUCT_NAME = "$(TARGET_NAME)";
				SWIFT_VERSION = 4.2;
				TARGETED_DEVICE_FAMILY = "1,2";
				TEST_HOST = "$(BUILT_PRODUCTS_DIR)/PlayingCard.app/PlayingCard";
			};
			name = Debug;
		};
		232AC8F721CCD412005E2102 /* Release */ = {
			isa = XCBuildConfiguration;
			buildSettings = {
				ALWAYS_EMBED_SWIFT_STANDARD_LIBRARIES = YES;
				BUNDLE_LOADER = "$(TEST_HOST)";
				CODE_SIGN_STYLE = Automatic;
				INFOPLIST_FILE = PlayingCardTests/Info.plist;
				LD_RUNPATH_SEARCH_PATHS = (
					"$(inherited)",
					"@executable_path/Frameworks",
					"@loader_path/Frameworks",
				);
				PRODUCT_BUNDLE_IDENTIFIER = com.polygon.PlayingCardTests;
				PRODUCT_NAME = "$(TARGET_NAME)";
				SWIFT_VERSION = 4.2;
				TARGETED_DEVICE_FAMILY = "1,2";
				TEST_HOST = "$(BUILT_PRODUCTS_DIR)/PlayingCard.app/PlayingCard";
			};
			name = Release;
		};
		232AC8F921CCD412005E2102 /* Debug */ = {
			isa = XCBuildConfiguration;
			buildSettings = {
				ALWAYS_EMBED_SWIFT_STANDARD_LIBRARIES = YES;
				CODE_SIGN_STYLE = Automatic;
				INFOPLIST_FILE = PlayingCardUITests/Info.plist;
				LD_RUNPATH_SEARCH_PATHS = (
					"$(inherited)",
					"@executable_path/Frameworks",
					"@loader_path/Frameworks",
				);
				PRODUCT_BUNDLE_IDENTIFIER = com.polygon.PlayingCardUITests;
				PRODUCT_NAME = "$(TARGET_NAME)";
				SWIFT_VERSION = 4.2;
				TARGETED_DEVICE_FAMILY = "1,2";
				TEST_TARGET_NAME = PlayingCard;
			};
			name = Debug;
		};
		232AC8FA21CCD412005E2102 /* Release */ = {
			isa = XCBuildConfiguration;
			buildSettings = {
				ALWAYS_EMBED_SWIFT_STANDARD_LIBRARIES = YES;
				CODE_SIGN_STYLE = Automatic;
				INFOPLIST_FILE = PlayingCardUITests/Info.plist;
				LD_RUNPATH_SEARCH_PATHS = (
					"$(inherited)",
					"@executable_path/Frameworks",
					"@loader_path/Frameworks",
				);
				PRODUCT_BUNDLE_IDENTIFIER = com.polygon.PlayingCardUITests;
				PRODUCT_NAME = "$(TARGET_NAME)";
				SWIFT_VERSION = 4.2;
				TARGETED_DEVICE_FAMILY = "1,2";
				TEST_TARGET_NAME = PlayingCard;
			};
			name = Release;
		};
/* End XCBuildConfiguration section */

/* Begin XCConfigurationList section */
		232AC8C521CCD410005E2102 /* Build configuration list for PBXProject "PlayingCard" */ = {
			isa = XCConfigurationList;
			buildConfigurations = (
				232AC8F021CCD412005E2102 /* Debug */,
				232AC8F121CCD412005E2102 /* Release */,
			);
			defaultConfigurationIsVisible = 0;
			defaultConfigurationName = Release;
		};
		232AC8F221CCD412005E2102 /* Build configuration list for PBXNativeTarget "PlayingCard" */ = {
			isa = XCConfigurationList;
			buildConfigurations = (
				232AC8F321CCD412005E2102 /* Debug */,
				232AC8F421CCD412005E2102 /* Release */,
			);
			defaultConfigurationIsVisible = 0;
			defaultConfigurationName = Release;
		};
		232AC8F521CCD412005E2102 /* Build configuration list for PBXNativeTarget "PlayingCardTests" */ = {
			isa = XCConfigurationList;
			buildConfigurations = (
				232AC8F621CCD412005E2102 /* Debug */,
				232AC8F721CCD412005E2102 /* Release */,
			);
			defaultConfigurationIsVisible = 0;
			defaultConfigurationName = Release;
		};
		232AC8F821CCD412005E2102 /* Build configuration list for PBXNativeTarget "PlayingCardUITests" */ = {
			isa = XCConfigurationList;
			buildConfigurations = (
				232AC8F921CCD412005E2102 /* Debug */,
				232AC8FA21CCD412005E2102 /* Release */,
			);
			defaultConfigurationIsVisible = 0;
			defaultConfigurationName = Release;
		};
/* End XCConfigurationList section */
	};
	rootObject = 232AC8C221CCD410005E2102 /* Project object */;
}
